{
  "name": "FinalProject - Copy",
  "lockfileVersion": 3,
  "requires": true,
  "packages": {
    "": {
      "dependencies": {
        "talkjs": "^0.18.0"
      }
    },
    "node_modules/talkjs": {
      "version": "0.18.0",
      "resolved": "https://registry.npmjs.org/talkjs/-/talkjs-0.18.0.tgz",
      "integrity": "sha512-HfdFx0cRdBrYH+IR6a4jW/MbYZKRKCaDj9tMJZC6SQeGwa5WmpLf7WUKlDpduvcolKh9C+5y6T3wcGTExh4tog=="
    }
  }
}
